// !$*UTF8*$!
{
	archiveVersion = 1;
	classes = {
	};
	objectVersion = 56;
	objects = {

/* Begin PBXBuildFile section */
		C8328F532A4094B600C24D69 /* Utils.swift in Sources */ = {isa = PBXBuildFile; fileRef = C8328F522A4094B600C24D69 /* Utils.swift */; };
		C8EBFA202A3F699600574770 /* AppDelegate.swift in Sources */ = {isa = PBXBuildFile; fileRef = C8EBFA1F2A3F699600574770 /* AppDelegate.swift */; };
		C8EBFA222A3F699600574770 /* SceneDelegate.swift in Sources */ = {isa = PBXBuildFile; fileRef = C8EBFA212A3F699600574770 /* SceneDelegate.swift */; };
		C8EBFA242A3F699600574770 /* ViewController.swift in Sources */ = {isa = PBXBuildFile; fileRef = C8EBFA232A3F699600574770 /* ViewController.swift */; };
		C8EBFA272A3F699600574770 /* Main.storyboard in Resources */ = {isa = PBXBuildFile; fileRef = C8EBFA252A3F699600574770 /* Main.storyboard */; };
		C8EBFA292A3F699700574770 /* Assets.xcassets in Resources */ = {isa = PBXBuildFile; fileRef = C8EBFA282A3F699700574770 /* Assets.xcassets */; };
		C8EBFA2C2A3F699700574770 /* LaunchScreen.storyboard in Resources */ = {isa = PBXBuildFile; fileRef = C8EBFA2A2A3F699700574770 /* LaunchScreen.storyboard */; };
		C8EBFA372A3F699800574770 /* CounterTests.swift in Sources */ = {isa = PBXBuildFile; fileRef = C8EBFA362A3F699800574770 /* CounterTests.swift */; };
		C8EBFA412A3F699800574770 /* CounterUITests.swift in Sources */ = {isa = PBXBuildFile; fileRef = C8EBFA402A3F699800574770 /* CounterUITests.swift */; };
		C8EBFA432A3F699800574770 /* CounterUITestsLaunchTests.swift in Sources */ = {isa = PBXBuildFile; fileRef = C8EBFA422A3F699800574770 /* CounterUITestsLaunchTests.swift */; };
		C8EBFA542A3FADB100574770 /* Date+Extentions.swift in Sources */ = {isa = PBXBuildFile; fileRef = C8EBFA532A3FADB100574770 /* Date+Extentions.swift */; };
		C8EBFA562A3FAE3D00574770 /* UITextView+Extentions.swift in Sources */ = {isa = PBXBuildFile; fileRef = C8EBFA552A3FAE3D00574770 /* UITextView+Extentions.swift */; };
/* End PBXBuildFile section */

/* Begin PBXContainerItemProxy section */
		C8EBFA332A3F699800574770 /* PBXContainerItemProxy */ = {
			isa = PBXContainerItemProxy;
			containerPortal = C8EBFA142A3F699600574770 /* Project object */;
			proxyType = 1;
			remoteGlobalIDString = C8EBFA1B2A3F699600574770;
			remoteInfo = Counter;
		};
		C8EBFA3D2A3F699800574770 /* PBXContainerItemProxy */ = {
			isa = PBXContainerItemProxy;
			containerPortal = C8EBFA142A3F699600574770 /* Project object */;
			proxyType = 1;
			remoteGlobalIDString = C8EBFA1B2A3F699600574770;
			remoteInfo = Counter;
		};
/* End PBXContainerItemProxy section */

/* Begin PBXFileReference section */
		C8328F522A4094B600C24D69 /* Utils.swift */ = {isa = PBXFileReference; lastKnownFileType = sourcecode.swift; path = Utils.swift; sourceTree = "<group>"; };
		C8EBFA1C2A3F699600574770 /* Counter.app */ = {isa = PBXFileReference; explicitFileType = wrapper.application; includeInIndex = 0; path = Counter.app; sourceTree = BUILT_PRODUCTS_DIR; };
		C8EBFA1F2A3F699600574770 /* AppDelegate.swift */ = {isa = PBXFileReference; lastKnownFileType = sourcecode.swift; path = AppDelegate.swift; sourceTree = "<group>"; };
		C8EBFA212A3F699600574770 /* SceneDelegate.swift */ = {isa = PBXFileReference; lastKnownFileType = sourcecode.swift; path = SceneDelegate.swift; sourceTree = "<group>"; };
		C8EBFA232A3F699600574770 /* ViewController.swift */ = {isa = PBXFileReference; lastKnownFileType = sourcecode.swift; path = ViewController.swift; sourceTree = "<group>"; };
		C8EBFA262A3F699600574770 /* Base */ = {isa = PBXFileReference; lastKnownFileType = file.storyboard; name = Base; path = Base.lproj/Main.storyboard; sourceTree = "<group>"; };
		C8EBFA282A3F699700574770 /* Assets.xcassets */ = {isa = PBXFileReference; lastKnownFileType = folder.assetcatalog; path = Assets.xcassets; sourceTree = "<group>"; };
		C8EBFA2B2A3F699700574770 /* Base */ = {isa = PBXFileReference; lastKnownFileType = file.storyboard; name = Base; path = Base.lproj/LaunchScreen.storyboard; sourceTree = "<group>"; };
		C8EBFA2D2A3F699700574770 /* Info.plist */ = {isa = PBXFileReference; lastKnownFileType = text.plist.xml; path = Info.plist; sourceTree = "<group>"; };
		C8EBFA322A3F699800574770 /* CounterTests.xctest */ = {isa = PBXFileReference; explicitFileType = wrapper.cfbundle; includeInIndex = 0; path = CounterTests.xctest; sourceTree = BUILT_PRODUCTS_DIR; };
		C8EBFA362A3F699800574770 /* CounterTests.swift */ = {isa = PBXFileReference; lastKnownFileType = sourcecode.swift; path = CounterTests.swift; sourceTree = "<group>"; };
		C8EBFA3C2A3F699800574770 /* CounterUITests.xctest */ = {isa = PBXFileReference; explicitFileType = wrapper.cfbundle; includeInIndex = 0; path = CounterUITests.xctest; sourceTree = BUILT_PRODUCTS_DIR; };
		C8EBFA402A3F699800574770 /* CounterUITests.swift */ = {isa = PBXFileReference; lastKnownFileType = sourcecode.swift; path = CounterUITests.swift; sourceTree = "<group>"; };
		C8EBFA422A3F699800574770 /* CounterUITestsLaunchTests.swift */ = {isa = PBXFileReference; lastKnownFileType = sourcecode.swift; path = CounterUITestsLaunchTests.swift; sourceTree = "<group>"; };
		C8EBFA532A3FADB100574770 /* Date+Extentions.swift */ = {isa = PBXFileReference; lastKnownFileType = sourcecode.swift; path = "Date+Extentions.swift"; sourceTree = "<group>"; };
		C8EBFA552A3FAE3D00574770 /* UITextView+Extentions.swift */ = {isa = PBXFileReference; lastKnownFileType = sourcecode.swift; path = "UITextView+Extentions.swift"; sourceTree = "<group>"; };
/* End PBXFileReference section */

/* Begin PBXFrameworksBuildPhase section */
		C8EBFA192A3F699600574770 /* Frameworks */ = {
			isa = PBXFrameworksBuildPhase;
			buildActionMask = 2147483647;
			files = (
			);
			runOnlyForDeploymentPostprocessing = 0;
		};
		C8EBFA2F2A3F699800574770 /* Frameworks */ = {
			isa = PBXFrameworksBuildPhase;
			buildActionMask = 2147483647;
			files = (
			);
			runOnlyForDeploymentPostprocessing = 0;
		};
		C8EBFA392A3F699800574770 /* Frameworks */ = {
			isa = PBXFrameworksBuildPhase;
			buildActionMask = 2147483647;
			files = (
			);
			runOnlyForDeploymentPostprocessing = 0;
		};
/* End PBXFrameworksBuildPhase section */

/* Begin PBXGroup section */
		C8EBFA132A3F699600574770 = {
			isa = PBXGroup;
			children = (
				C8EBFA1E2A3F699600574770 /* Counter */,
				C8EBFA352A3F699800574770 /* CounterTests */,
				C8EBFA3F2A3F699800574770 /* CounterUITests */,
				C8EBFA1D2A3F699600574770 /* Products */,
			);
			sourceTree = "<group>";
		};
		C8EBFA1D2A3F699600574770 /* Products */ = {
			isa = PBXGroup;
			children = (
				C8EBFA1C2A3F699600574770 /* Counter.app */,
				C8EBFA322A3F699800574770 /* CounterTests.xctest */,
				C8EBFA3C2A3F699800574770 /* CounterUITests.xctest */,
			);
			name = Products;
			sourceTree = "<group>";
		};
		C8EBFA1E2A3F699600574770 /* Counter */ = {
			isa = PBXGroup;
			children = (
				C8EBFA522A3FAD8E00574770 /* Helpers */,
				C8EBFA502A3F80D100574770 /* Resources */,
				C8EBFA512A3F810E00574770 /* Models */,
				C8EBFA4F2A3F809000574770 /* Presentation */,
				C8EBFA1F2A3F699600574770 /* AppDelegate.swift */,
				C8EBFA212A3F699600574770 /* SceneDelegate.swift */,
			);
			path = Counter;
			sourceTree = "<group>";
		};
		C8EBFA352A3F699800574770 /* CounterTests */ = {
			isa = PBXGroup;
			children = (
				C8EBFA362A3F699800574770 /* CounterTests.swift */,
			);
			path = CounterTests;
			sourceTree = "<group>";
		};
		C8EBFA3F2A3F699800574770 /* CounterUITests */ = {
			isa = PBXGroup;
			children = (
				C8EBFA402A3F699800574770 /* CounterUITests.swift */,
				C8EBFA422A3F699800574770 /* CounterUITestsLaunchTests.swift */,
			);
			path = CounterUITests;
			sourceTree = "<group>";
		};
		C8EBFA4F2A3F809000574770 /* Presentation */ = {
			isa = PBXGroup;
			children = (
				C8EBFA252A3F699600574770 /* Main.storyboard */,
				C8EBFA232A3F699600574770 /* ViewController.swift */,
			);
			path = Presentation;
			sourceTree = "<group>";
		};
		C8EBFA502A3F80D100574770 /* Resources */ = {
			isa = PBXGroup;
			children = (
				C8EBFA2D2A3F699700574770 /* Info.plist */,
				C8EBFA282A3F699700574770 /* Assets.xcassets */,
				C8EBFA2A2A3F699700574770 /* LaunchScreen.storyboard */,
			);
			path = Resources;
			sourceTree = "<group>";
		};
		C8EBFA512A3F810E00574770 /* Models */ = {
			isa = PBXGroup;
			children = (
			);
			path = Models;
			sourceTree = "<group>";
		};
		C8EBFA522A3FAD8E00574770 /* Helpers */ = {
			isa = PBXGroup;
			children = (
				C8EBFA532A3FADB100574770 /* Date+Extentions.swift */,
				C8EBFA552A3FAE3D00574770 /* UITextView+Extentions.swift */,
				C8328F522A4094B600C24D69 /* Utils.swift */,
			);
			path = Helpers;
			sourceTree = "<group>";
		};
/* End PBXGroup section */

/* Begin PBXNativeTarget section */
		C8EBFA1B2A3F699600574770 /* Counter */ = {
			isa = PBXNativeTarget;
			buildConfigurationList = C8EBFA462A3F699800574770 /* Build configuration list for PBXNativeTarget "Counter" */;
			buildPhases = (
				C8EBFA182A3F699600574770 /* Sources */,
				C8EBFA192A3F699600574770 /* Frameworks */,
				C8EBFA1A2A3F699600574770 /* Resources */,
			);
			buildRules = (
			);
			dependencies = (
			);
			name = Counter;
			productName = Counter;
			productReference = C8EBFA1C2A3F699600574770 /* Counter.app */;
			productType = "com.apple.product-type.application";
		};
		C8EBFA312A3F699800574770 /* CounterTests */ = {
			isa = PBXNativeTarget;
			buildConfigurationList = C8EBFA492A3F699800574770 /* Build configuration list for PBXNativeTarget "CounterTests" */;
			buildPhases = (
				C8EBFA2E2A3F699800574770 /* Sources */,
				C8EBFA2F2A3F699800574770 /* Frameworks */,
				C8EBFA302A3F699800574770 /* Resources */,
			);
			buildRules = (
			);
			dependencies = (
				C8EBFA342A3F699800574770 /* PBXTargetDependency */,
			);
			name = CounterTests;
			productName = CounterTests;
			productReference = C8EBFA322A3F699800574770 /* CounterTests.xctest */;
			productType = "com.apple.product-type.bundle.unit-test";
		};
		C8EBFA3B2A3F699800574770 /* CounterUITests */ = {
			isa = PBXNativeTarget;
			buildConfigurationList = C8EBFA4C2A3F699800574770 /* Build configuration list for PBXNativeTarget "CounterUITests" */;
			buildPhases = (
				C8EBFA382A3F699800574770 /* Sources */,
				C8EBFA392A3F699800574770 /* Frameworks */,
				C8EBFA3A2A3F699800574770 /* Resources */,
			);
			buildRules = (
			);
			dependencies = (
				C8EBFA3E2A3F699800574770 /* PBXTargetDependency */,
			);
			name = CounterUITests;
			productName = CounterUITests;
			productReference = C8EBFA3C2A3F699800574770 /* CounterUITests.xctest */;
			productType = "com.apple.product-type.bundle.ui-testing";
		};
/* End PBXNativeTarget section */

/* Begin PBXProject section */
		C8EBFA142A3F699600574770 /* Project object */ = {
			isa = PBXProject;
			attributes = {
				BuildIndependentTargetsInParallel = 1;
				LastSwiftUpdateCheck = 1430;
				LastUpgradeCheck = 1430;
				TargetAttributes = {
					C8EBFA1B2A3F699600574770 = {
						CreatedOnToolsVersion = 14.3;
					};
					C8EBFA312A3F699800574770 = {
						CreatedOnToolsVersion = 14.3;
						TestTargetID = C8EBFA1B2A3F699600574770;
					};
					C8EBFA3B2A3F699800574770 = {
						CreatedOnToolsVersion = 14.3;
						TestTargetID = C8EBFA1B2A3F699600574770;
					};
				};
			};
			buildConfigurationList = C8EBFA172A3F699600574770 /* Build configuration list for PBXProject "Counter" */;
			compatibilityVersion = "Xcode 14.0";
			developmentRegion = en;
			hasScannedForEncodings = 0;
			knownRegions = (
				en,
				Base,
			);
			mainGroup = C8EBFA132A3F699600574770;
			productRefGroup = C8EBFA1D2A3F699600574770 /* Products */;
			projectDirPath = "";
			projectRoot = "";
			targets = (
				C8EBFA1B2A3F699600574770 /* Counter */,
				C8EBFA312A3F699800574770 /* CounterTests */,
				C8EBFA3B2A3F699800574770 /* CounterUITests */,
			);
		};
/* End PBXProject section */

/* Begin PBXResourcesBuildPhase section */
		C8EBFA1A2A3F699600574770 /* Resources */ = {
			isa = PBXResourcesBuildPhase;
			buildActionMask = 2147483647;
			files = (
				C8EBFA2C2A3F699700574770 /* LaunchScreen.storyboard in Resources */,
				C8EBFA292A3F699700574770 /* Assets.xcassets in Resources */,
				C8EBFA272A3F699600574770 /* Main.storyboard in Resources */,
			);
			runOnlyForDeploymentPostprocessing = 0;
		};
		C8EBFA302A3F699800574770 /* Resources */ = {
			isa = PBXResourcesBuildPhase;
			buildActionMask = 2147483647;
			files = (
			);
			runOnlyForDeploymentPostprocessing = 0;
		};
		C8EBFA3A2A3F699800574770 /* Resources */ = {
			isa = PBXResourcesBuildPhase;
			buildActionMask = 2147483647;
			files = (
			);
			runOnlyForDeploymentPostprocessing = 0;
		};
/* End PBXResourcesBuildPhase section */

/* Begin PBXSourcesBuildPhase section */
		C8EBFA182A3F699600574770 /* Sources */ = {
			isa = PBXSourcesBuildPhase;
			buildActionMask = 2147483647;
			files = (
				C8EBFA562A3FAE3D00574770 /* UITextView+Extentions.swift in Sources */,
				C8EBFA242A3F699600574770 /* ViewController.swift in Sources */,
				C8EBFA202A3F699600574770 /* AppDelegate.swift in Sources */,
				C8EBFA542A3FADB100574770 /* Date+Extentions.swift in Sources */,
				C8EBFA222A3F699600574770 /* SceneDelegate.swift in Sources */,
				C8328F532A4094B600C24D69 /* Utils.swift in Sources */,
			);
			runOnlyForDeploymentPostprocessing = 0;
		};
		C8EBFA2E2A3F699800574770 /* Sources */ = {
			isa = PBXSourcesBuildPhase;
			buildActionMask = 2147483647;
			files = (
				C8EBFA372A3F699800574770 /* CounterTests.swift in Sources */,
			);
			runOnlyForDeploymentPostprocessing = 0;
		};
		C8EBFA382A3F699800574770 /* Sources */ = {
			isa = PBXSourcesBuildPhase;
			buildActionMask = 2147483647;
			files = (
				C8EBFA412A3F699800574770 /* CounterUITests.swift in Sources */,
				C8EBFA432A3F699800574770 /* CounterUITestsLaunchTests.swift in Sources */,
			);
			runOnlyForDeploymentPostprocessing = 0;
		};
/* End PBXSourcesBuildPhase section */

/* Begin PBXTargetDependency section */
		C8EBFA342A3F699800574770 /* PBXTargetDependency */ = {
			isa = PBXTargetDependency;
			target = C8EBFA1B2A3F699600574770 /* Counter */;
			targetProxy = C8EBFA332A3F699800574770 /* PBXContainerItemProxy */;
		};
		C8EBFA3E2A3F699800574770 /* PBXTargetDependency */ = {
			isa = PBXTargetDependency;
			target = C8EBFA1B2A3F699600574770 /* Counter */;
			targetProxy = C8EBFA3D2A3F699800574770 /* PBXContainerItemProxy */;
		};
/* End PBXTargetDependency section */

/* Begin PBXVariantGroup section */
		C8EBFA252A3F699600574770 /* Main.storyboard */ = {
			isa = PBXVariantGroup;
			children = (
				C8EBFA262A3F699600574770 /* Base */,
			);
			name = Main.storyboard;
			sourceTree = "<group>";
		};
		C8EBFA2A2A3F699700574770 /* LaunchScreen.storyboard */ = {
			isa = PBXVariantGroup;
			children = (
				C8EBFA2B2A3F699700574770 /* Base */,
			);
			name = LaunchScreen.storyboard;
			sourceTree = "<group>";
		};
/* End PBXVariantGroup section */

/* Begin XCBuildConfiguration section */
		C8EBFA442A3F699800574770 /* Debug */ = {
			isa = XCBuildConfiguration;
			buildSettings = {
				ALWAYS_SEARCH_USER_PATHS = NO;
				CLANG_ANALYZER_NONNULL = YES;
				CLANG_ANALYZER_NUMBER_OBJECT_CONVERSION = YES_AGGRESSIVE;
				CLANG_CXX_LANGUAGE_STANDARD = "gnu++20";
				CLANG_ENABLE_MODULES = YES;
				CLANG_ENABLE_OBJC_ARC = YES;
				CLANG_ENABLE_OBJC_WEAK = YES;
				CLANG_WARN_BLOCK_CAPTURE_AUTORELEASING = YES;
				CLANG_WARN_BOOL_CONVERSION = YES;
				CLANG_WARN_COMMA = YES;
				CLANG_WARN_CONSTANT_CONVERSION = YES;
				CLANG_WARN_DEPRECATED_OBJC_IMPLEMENTATIONS = YES;
				CLANG_WARN_DIRECT_OBJC_ISA_USAGE = YES_ERROR;
				CLANG_WARN_DOCUMENTATION_COMMENTS = YES;
				CLANG_WARN_EMPTY_BODY = YES;
				CLANG_WARN_ENUM_CONVERSION = YES;
				CLANG_WARN_INFINITE_RECURSION = YES;
				CLANG_WARN_INT_CONVERSION = YES;
				CLANG_WARN_NON_LITERAL_NULL_CONVERSION = YES;
				CLANG_WARN_OBJC_IMPLICIT_RETAIN_SELF = YES;
				CLANG_WARN_OBJC_LITERAL_CONVERSION = YES;
				CLANG_WARN_OBJC_ROOT_CLASS = YES_ERROR;
				CLANG_WARN_QUOTED_INCLUDE_IN_FRAMEWORK_HEADER = YES;
				CLANG_WARN_RANGE_LOOP_ANALYSIS = YES;
				CLANG_WARN_STRICT_PROTOTYPES = YES;
				CLANG_WARN_SUSPICIOUS_MOVE = YES;
				CLANG_WARN_UNGUARDED_AVAILABILITY = YES_AGGRESSIVE;
				CLANG_WARN_UNREACHABLE_CODE = YES;
				CLANG_WARN__DUPLICATE_METHOD_MATCH = YES;
				COPY_PHASE_STRIP = NO;
				DEBUG_INFORMATION_FORMAT = dwarf;
				ENABLE_STRICT_OBJC_MSGSEND = YES;
				ENABLE_TESTABILITY = YES;
				GCC_C_LANGUAGE_STANDARD = gnu11;
				GCC_DYNAMIC_NO_PIC = NO;
				GCC_NO_COMMON_BLOCKS = YES;
				GCC_OPTIMIZATION_LEVEL = 0;
				GCC_PREPROCESSOR_DEFINITIONS = (
					"DEBUG=1",
					"$(inherited)",
				);
				GCC_WARN_64_TO_32_BIT_CONVERSION = YES;
				GCC_WARN_ABOUT_RETURN_TYPE = YES_ERROR;
				GCC_WARN_UNDECLARED_SELECTOR = YES;
				GCC_WARN_UNINITIALIZED_AUTOS = YES_AGGRESSIVE;
				GCC_WARN_UNUSED_FUNCTION = YES;
				GCC_WARN_UNUSED_VARIABLE = YES;
				IPHONEOS_DEPLOYMENT_TARGET = 16.4;
				MTL_ENABLE_DEBUG_INFO = INCLUDE_SOURCE;
				MTL_FAST_MATH = YES;
				ONLY_ACTIVE_ARCH = YES;
				SDKROOT = iphoneos;
				SWIFT_ACTIVE_COMPILATION_CONDITIONS = DEBUG;
				SWIFT_OPTIMIZATION_LEVEL = "-Onone";
			};
			name = Debug;
		};
		C8EBFA452A3F699800574770 /* Release */ = {
			isa = XCBuildConfiguration;
			buildSettings = {
				ALWAYS_SEARCH_USER_PATHS = NO;
				CLANG_ANALYZER_NONNULL = YES;
				CLANG_ANALYZER_NUMBER_OBJECT_CONVERSION = YES_AGGRESSIVE;
				CLANG_CXX_LANGUAGE_STANDARD = "gnu++20";
				CLANG_ENABLE_MODULES = YES;
				CLANG_ENABLE_OBJC_ARC = YES;
				CLANG_ENABLE_OBJC_WEAK = YES;
				CLANG_WARN_BLOCK_CAPTURE_AUTORELEASING = YES;
				CLANG_WARN_BOOL_CONVERSION = YES;
				CLANG_WARN_COMMA = YES;
				CLANG_WARN_CONSTANT_CONVERSION = YES;
				CLANG_WARN_DEPRECATED_OBJC_IMPLEMENTATIONS = YES;
				CLANG_WARN_DIRECT_OBJC_ISA_USAGE = YES_ERROR;
				CLANG_WARN_DOCUMENTATION_COMMENTS = YES;
				CLANG_WARN_EMPTY_BODY = YES;
				CLANG_WARN_ENUM_CONVERSION = YES;
				CLANG_WARN_INFINITE_RECURSION = YES;
				CLANG_WARN_INT_CONVERSION = YES;
				CLANG_WARN_NON_LITERAL_NULL_CONVERSION = YES;
				CLANG_WARN_OBJC_IMPLICIT_RETAIN_SELF = YES;
				CLANG_WARN_OBJC_LITERAL_CONVERSION = YES;
				CLANG_WARN_OBJC_ROOT_CLASS = YES_ERROR;
				CLANG_WARN_QUOTED_INCLUDE_IN_FRAMEWORK_HEADER = YES;
				CLANG_WARN_RANGE_LOOP_ANALYSIS = YES;
				CLANG_WARN_STRICT_PROTOTYPES = YES;
				CLANG_WARN_SUSPICIOUS_MOVE = YES;
				CLANG_WARN_UNGUARDED_AVAILABILITY = YES_AGGRESSIVE;
				CLANG_WARN_UNREACHABLE_CODE = YES;
				CLANG_WARN__DUPLICATE_METHOD_MATCH = YES;
				COPY_PHASE_STRIP = NO;
				DEBUG_INFORMATION_FORMAT = "dwarf-with-dsym";
				ENABLE_NS_ASSERTIONS = NO;
				ENABLE_STRICT_OBJC_MSGSEND = YES;
				GCC_C_LANGUAGE_STANDARD = gnu11;
				GCC_NO_COMMON_BLOCKS = YES;
				GCC_WARN_64_TO_32_BIT_CONVERSION = YES;
				GCC_WARN_ABOUT_RETURN_TYPE = YES_ERROR;
				GCC_WARN_UNDECLARED_SELECTOR = YES;
				GCC_WARN_UNINITIALIZED_AUTOS = YES_AGGRESSIVE;
				GCC_WARN_UNUSED_FUNCTION = YES;
				GCC_WARN_UNUSED_VARIABLE = YES;
				IPHONEOS_DEPLOYMENT_TARGET = 16.4;
				MTL_ENABLE_DEBUG_INFO = NO;
				MTL_FAST_MATH = YES;
				SDKROOT = iphoneos;
				SWIFT_COMPILATION_MODE = wholemodule;
				SWIFT_OPTIMIZATION_LEVEL = "-O";
				VALIDATE_PRODUCT = YES;
			};
			name = Release;
		};
		C8EBFA472A3F699800574770 /* Debug */ = {
			isa = XCBuildConfiguration;
			buildSettings = {
				ASSETCATALOG_COMPILER_APPICON_NAME = AppIcon;
				ASSETCATALOG_COMPILER_GLOBAL_ACCENT_COLOR_NAME = AccentColor;
				CODE_SIGN_STYLE = Automatic;
				CURRENT_PROJECT_VERSION = 1;
				DEVELOPMENT_TEAM = 8ANAPSQLYM;
				GENERATE_INFOPLIST_FILE = YES;
				INFOPLIST_FILE = Counter/Resources/Info.plist;
				INFOPLIST_KEY_UIApplicationSupportsIndirectInputEvents = YES;
				INFOPLIST_KEY_UILaunchStoryboardName = LaunchScreen;
				INFOPLIST_KEY_UIMainStoryboardFile = Main;
				INFOPLIST_KEY_UISupportedInterfaceOrientations = UIInterfaceOrientationPortrait;
				IPHONEOS_DEPLOYMENT_TARGET = 13.0;
				LD_RUNPATH_SEARCH_PATHS = (
					"$(inherited)",
					"@executable_path/Frameworks",
				);
				MARKETING_VERSION = 1.0;
				PRODUCT_BUNDLE_IDENTIFIER = home.Counter;
				PRODUCT_NAME = "$(TARGET_NAME)";
				SWIFT_EMIT_LOC_STRINGS = YES;
				SWIFT_VERSION = 5.0;
				TARGETED_DEVICE_FAMILY = "1,2";
			};
			name = Debug;
		};
		C8EBFA482A3F699800574770 /* Release */ = {
			isa = XCBuildConfiguration;
			buildSettings = {
				ASSETCATALOG_COMPILER_APPICON_NAME = AppIcon;
				ASSETCATALOG_COMPILER_GLOBAL_ACCENT_COLOR_NAME = AccentColor;
				CODE_SIGN_STYLE = Automatic;
				CURRENT_PROJECT_VERSION = 1;
				DEVELOPMENT_TEAM = 8ANAPSQLYM;
				GENERATE_INFOPLIST_FILE = YES;
				INFOPLIST_FILE = Counter/Resources/Info.plist;
				INFOPLIST_KEY_UIApplicationSupportsIndirectInputEvents = YES;
				INFOPLIST_KEY_UILaunchStoryboardName = LaunchScreen;
				INFOPLIST_KEY_UIMainStoryboardFile = Main;
				INFOPLIST_KEY_UISupportedInterfaceOrientations = UIInterfaceOrientationPortrait;
				IPHONEOS_DEPLOYMENT_TARGET = 13.0;
				LD_RUNPATH_SEARCH_PATHS = (
					"$(inherited)",
					"@executable_path/Frameworks",
				);
				MARKETING_VERSION = 1.0;
				PRODUCT_BUNDLE_IDENTIFIER = home.Counter;
				PRODUCT_NAME = "$(TARGET_NAME)";
				SWIFT_EMIT_LOC_STRINGS = YES;
				SWIFT_VERSION = 5.0;
				TARGETED_DEVICE_FAMILY = "1,2";
			};
			name = Release;
		};
		C8EBFA4A2A3F699800574770 /* Debug */ = {
			isa = XCBuildConfiguration;
			buildSettings = {
				ALWAYS_EMBED_SWIFT_STANDARD_LIBRARIES = YES;
				BUNDLE_LOADER = "$(TEST_HOST)";
				CODE_SIGN_STYLE = Automatic;
				CURRENT_PROJECT_VERSION = 1;
				DEVELOPMENT_TEAM = 8ANAPSQLYM;
				GENERATE_INFOPLIST_FILE = YES;
				IPHONEOS_DEPLOYMENT_TARGET = 16.4;
				MARKETING_VERSION = 1.0;
				PRODUCT_BUNDLE_IDENTIFIER = home.CounterTests;
				PRODUCT_NAME = "$(TARGET_NAME)";
				SWIFT_EMIT_LOC_STRINGS = NO;
				SWIFT_VERSION = 5.0;
				TARGETED_DEVICE_FAMILY = "1,2";
				TEST_HOST = "$(BUILT_PRODUCTS_DIR)/Counter.app/$(BUNDLE_EXECUTABLE_FOLDER_PATH)/Counter";
			};
			name = Debug;
		};
		C8EBFA4B2A3F699800574770 /* Release */ = {
			isa = XCBuildConfiguration;
			buildSettings = {
				ALWAYS_EMBED_SWIFT_STANDARD_LIBRARIES = YES;
				BUNDLE_LOADER = "$(TEST_HOST)";
				CODE_SIGN_STYLE = Automatic;
				CURRENT_PROJECT_VERSION = 1;
				DEVELOPMENT_TEAM = 8ANAPSQLYM;
				GENERATE_INFOPLIST_FILE = YES;
				IPHONEOS_DEPLOYMENT_TARGET = 16.4;
				MARKETING_VERSION = 1.0;
				PRODUCT_BUNDLE_IDENTIFIER = home.CounterTests;
				PRODUCT_NAME = "$(TARGET_NAME)";
				SWIFT_EMIT_LOC_STRINGS = NO;
				SWIFT_VERSION = 5.0;
				TARGETED_DEVICE_FAMILY = "1,2";
				TEST_HOST = "$(BUILT_PRODUCTS_DIR)/Counter.app/$(BUNDLE_EXECUTABLE_FOLDER_PATH)/Counter";
			};
			name = Release;
		};
		C8EBFA4D2A3F699800574770 /* Debug */ = {
			isa = XCBuildConfiguration;
			buildSettings = {
				ALWAYS_EMBED_SWIFT_STANDARD_LIBRARIES = YES;
				CODE_SIGN_STYLE = Automatic;
				CURRENT_PROJECT_VERSION = 1;
				DEVELOPMENT_TEAM = 8ANAPSQLYM;
				GENERATE_INFOPLIST_FILE = YES;
				MARKETING_VERSION = 1.0;
				PRODUCT_BUNDLE_IDENTIFIER = home.CounterUITests;
				PRODUCT_NAME = "$(TARGET_NAME)";
				SWIFT_EMIT_LOC_STRINGS = NO;
				SWIFT_VERSION = 5.0;
				TARGETED_DEVICE_FAMILY = "1,2";
				TEST_TARGET_NAME = Counter;
			};
			name = Debug;
		};
		C8EBFA4E2A3F699800574770 /* Release */ = {
			isa = XCBuildConfiguration;
			buildSettings = {
				ALWAYS_EMBED_SWIFT_STANDARD_LIBRARIES = YES;
				CODE_SIGN_STYLE = Automatic;
				CURRENT_PROJECT_VERSION = 1;
				DEVELOPMENT_TEAM = 8ANAPSQLYM;
				GENERATE_INFOPLIST_FILE = YES;
				MARKETING_VERSION = 1.0;
				PRODUCT_BUNDLE_IDENTIFIER = home.CounterUITests;
				PRODUCT_NAME = "$(TARGET_NAME)";
				SWIFT_EMIT_LOC_STRINGS = NO;
				SWIFT_VERSION = 5.0;
				TARGETED_DEVICE_FAMILY = "1,2";
				TEST_TARGET_NAME = Counter;
			};
			name = Release;
		};
/* End XCBuildConfiguration section */

/* Begin XCConfigurationList section */
		C8EBFA172A3F699600574770 /* Build configuration list for PBXProject "Counter" */ = {
			isa = XCConfigurationList;
			buildConfigurations = (
				C8EBFA442A3F699800574770 /* Debug */,
				C8EBFA452A3F699800574770 /* Release */,
			);
			defaultConfigurationIsVisible = 0;
			defaultConfigurationName = Release;
		};
		C8EBFA462A3F699800574770 /* Build configuration list for PBXNativeTarget "Counter" */ = {
			isa = XCConfigurationList;
			buildConfigurations = (
				C8EBFA472A3F699800574770 /* Debug */,
				C8EBFA482A3F699800574770 /* Release */,
			);
			defaultConfigurationIsVisible = 0;
			defaultConfigurationName = Release;
		};
		C8EBFA492A3F699800574770 /* Build configuration list for PBXNativeTarget "CounterTests" */ = {
			isa = XCConfigurationList;
			buildConfigurations = (
				C8EBFA4A2A3F699800574770 /* Debug */,
				C8EBFA4B2A3F699800574770 /* Release */,
			);
			defaultConfigurationIsVisible = 0;
			defaultConfigurationName = Release;
		};
		C8EBFA4C2A3F699800574770 /* Build configuration list for PBXNativeTarget "CounterUITests" */ = {
			isa = XCConfigurationList;
			buildConfigurations = (
				C8EBFA4D2A3F699800574770 /* Debug */,
				C8EBFA4E2A3F699800574770 /* Release */,
			);
			defaultConfigurationIsVisible = 0;
			defaultConfigurationName = Release;
		};
/* End XCConfigurationList section */
	};
	rootObject = C8EBFA142A3F699600574770 /* Project object */;
}
